<?xml version="1.0" encoding="UTF-8"?>
<CodeBlocks_project_file>
	<FileVersion major="1" minor="6"/>
	<Project>
		<Option title="convertor"/>
		<Option makefile_is_custom="1"/>
		<Option compiler="gcc"/>
		<Option virtualFolders="CMake Files\;CMake Files\lib\;CMake Files\lib\cmake\;CMake Files\lib\cmake\SFML\;"/>
		<Build>
			<Target title="all">
				<Option working_dir="/home/rustyboy/CLionProjects/convertor"/>
				<Option type="4"/>
				<MakeCommands>
					<Build command="/usr/bin/gmake -f &quot;/home/rustyboy/CLionProjects/convertor/Makefile&quot;  VERBOSE=1 all"/>
					<CompileFile command="/usr/bin/gmake -f &quot;/home/rustyboy/CLionProjects/convertor/Makefile&quot;  VERBOSE=1 &quot;$file&quot;"/>
					<Clean command="/usr/bin/gmake -f &quot;/home/rustyboy/CLionProjects/convertor/Makefile&quot;  VERBOSE=1 clean"/>
					<DistClean command="/usr/bin/gmake -f &quot;/home/rustyboy/CLionProjects/convertor/Makefile&quot;  VERBOSE=1 clean"/>
				</MakeCommands>
			</Target>
			<Target title="rebuild_cache">
				<Option working_dir="/home/rustyboy/CLionProjects/convertor"/>
				<Option type="4"/>
				<MakeCommands>
					<Build command="/usr/bin/gmake -f &quot;/home/rustyboy/CLionProjects/convertor/Makefile&quot;  VERBOSE=1 rebuild_cache"/>
					<CompileFile command="/usr/bin/gmake -f &quot;/home/rustyboy/CLionProjects/convertor/Makefile&quot;  VERBOSE=1 &quot;$file&quot;"/>
					<Clean command="/usr/bin/gmake -f &quot;/home/rustyboy/CLionProjects/convertor/Makefile&quot;  VERBOSE=1 clean"/>
					<DistClean command="/usr/bin/gmake -f &quot;/home/rustyboy/CLionProjects/convertor/Makefile&quot;  VERBOSE=1 clean"/>
				</MakeCommands>
			</Target>
			<Target title="edit_cache">
				<Option working_dir="/home/rustyboy/CLionProjects/convertor"/>
				<Option type="4"/>
				<MakeCommands>
					<Build command="/usr/bin/gmake -f &quot;/home/rustyboy/CLionProjects/convertor/Makefile&quot;  VERBOSE=1 edit_cache"/>
					<CompileFile command="/usr/bin/gmake -f &quot;/home/rustyboy/CLionProjects/convertor/Makefile&quot;  VERBOSE=1 &quot;$file&quot;"/>
					<Clean command="/usr/bin/gmake -f &quot;/home/rustyboy/CLionProjects/convertor/Makefile&quot;  VERBOSE=1 clean"/>
					<DistClean command="/usr/bin/gmake -f &quot;/home/rustyboy/CLionProjects/convertor/Makefile&quot;  VERBOSE=1 clean"/>
				</MakeCommands>
			</Target>
			<Target title="play">
				<Option working_dir="/home/rustyboy/CLionProjects/convertor"/>
				<Option type="4"/>
				<MakeCommands>
					<Build command="/usr/bin/gmake -f &quot;/home/rustyboy/CLionProjects/convertor/Makefile&quot;  VERBOSE=1 play"/>
					<CompileFile command="/usr/bin/gmake -f &quot;/home/rustyboy/CLionProjects/convertor/Makefile&quot;  VERBOSE=1 &quot;$file&quot;"/>
					<Clean command="/usr/bin/gmake -f &quot;/home/rustyboy/CLionProjects/convertor/Makefile&quot;  VERBOSE=1 clean"/>
					<DistClean command="/usr/bin/gmake -f &quot;/home/rustyboy/CLionProjects/convertor/Makefile&quot;  VERBOSE=1 clean"/>
				</MakeCommands>
			</Target>
			<Target title="convertor">
				<Option output="/home/rustyboy/CLionProjects/convertor/convertor" prefix_auto="0" extension_auto="0"/>
				<Option working_dir="/home/rustyboy/CLionProjects/convertor"/>
				<Option object_output="./"/>
				<Option type="1"/>
				<Option compiler="gcc"/>
				<Compiler>
					<Add directory="/home/rustyboy/CLionProjects/convertor/SFML_INCLUDE_DIR"/>
					<Add directory="/home/rustyboy/CLionProjects/convertor/include"/>
				</Compiler>
				<MakeCommands>
					<Build command="/usr/bin/gmake -f &quot;/home/rustyboy/CLionProjects/convertor/Makefile&quot;  VERBOSE=1 convertor"/>
					<CompileFile command="/usr/bin/gmake -f &quot;/home/rustyboy/CLionProjects/convertor/Makefile&quot;  VERBOSE=1 &quot;$file&quot;"/>
					<Clean command="/usr/bin/gmake -f &quot;/home/rustyboy/CLionProjects/convertor/Makefile&quot;  VERBOSE=1 clean"/>
					<DistClean command="/usr/bin/gmake -f &quot;/home/rustyboy/CLionProjects/convertor/Makefile&quot;  VERBOSE=1 clean"/>
				</MakeCommands>
			</Target>
			<Target title="convertor/fast">
				<Option output="/home/rustyboy/CLionProjects/convertor/convertor" prefix_auto="0" extension_auto="0"/>
				<Option working_dir="/home/rustyboy/CLionProjects/convertor"/>
				<Option object_output="./"/>
				<Option type="1"/>
				<Option compiler="gcc"/>
				<Compiler>
					<Add directory="/home/rustyboy/CLionProjects/convertor/SFML_INCLUDE_DIR"/>
					<Add directory="/home/rustyboy/CLionProjects/convertor/include"/>
				</Compiler>
				<MakeCommands>
					<Build command="/usr/bin/gmake -f &quot;/home/rustyboy/CLionProjects/convertor/Makefile&quot;  VERBOSE=1 convertor/fast"/>
					<CompileFile command="/usr/bin/gmake -f &quot;/home/rustyboy/CLionProjects/convertor/Makefile&quot;  VERBOSE=1 &quot;$file&quot;"/>
					<Clean command="/usr/bin/gmake -f &quot;/home/rustyboy/CLionProjects/convertor/Makefile&quot;  VERBOSE=1 clean"/>
					<DistClean command="/usr/bin/gmake -f &quot;/home/rustyboy/CLionProjects/convertor/Makefile&quot;  VERBOSE=1 clean"/>
				</MakeCommands>
			</Target>
		</Build>
		<Unit filename="/home/rustyboy/CLionProjects/convertor/Defines.hpp">
			<Option target="convertor"/>
		</Unit>
		<Unit filename="/home/rustyboy/CLionProjects/convertor/main.cpp">
			<Option target="convertor"/>
		</Unit>
		<Unit filename="/home/rustyboy/CLionProjects/convertor/CMakeLists.txt">
			<Option virtualFolder="CMake Files\"/>
		</Unit>
		<Unit filename="/home/rustyboy/CLionProjects/convertor/lib/cmake/SFML/SFMLConfig.cmake">
			<Option virtualFolder="CMake Files\lib\cmake\SFML\"/>
		</Unit>
		<Unit filename="/home/rustyboy/CLionProjects/convertor/lib/cmake/SFML/SFMLConfigDependencies.cmake">
			<Option virtualFolder="CMake Files\lib\cmake\SFML\"/>
		</Unit>
		<Unit filename="/home/rustyboy/CLionProjects/convertor/lib/cmake/SFML/SFMLConfigVersion.cmake">
			<Option virtualFolder="CMake Files\lib\cmake\SFML\"/>
		</Unit>
		<Unit filename="/home/rustyboy/CLionProjects/convertor/lib/cmake/SFML/SFMLSharedTargets-release.cmake">
			<Option virtualFolder="CMake Files\lib\cmake\SFML\"/>
		</Unit>
		<Unit filename="/home/rustyboy/CLionProjects/convertor/lib/cmake/SFML/SFMLSharedTargets.cmake">
			<Option virtualFolder="CMake Files\lib\cmake\SFML\"/>
		</Unit>
	</Project>
</CodeBlocks_project_file>
